
Microsoft Visual Studio Solution File, Format Version 12.00
# Visual Studio Version 16
VisualStudioVersion = 16.0.30204.135
MinimumVisualStudioVersion = 10.0.40219.1
Project("{FAE04EC0-301F-11D3-BF4B-00C04F79EFBC}") = "Projeto1", "Projeto1\Projeto1.csproj", "{E7383F1F-F9C3-4DCE-819B-67B5E8BE3B88}"
EndProject
Global
	GlobalSection(SolutionConfigurationPlatforms) = preSolution
		Debug|Any CPU = Debug|Any CPU
		Release|Any CPU = Release|Any CPU
	EndGlobalSection
	GlobalSection(ProjectConfigurationPlatforms) = postSolution
		{E7383F1F-F9C3-4DCE-819B-67B5E8BE3B88}.Debug|Any CPU.ActiveCfg = Debug|Any CPU
		{E7383F1F-F9C3-4DCE-819B-67B5E8BE3B88}.Debug|Any CPU.Build.0 = Debug|Any CPU
		{E7383F1F-F9C3-4DCE-819B-67B5E8BE3B88}.Release|Any CPU.ActiveCfg = Release|Any CPU
		{E7383F1F-F9C3-4DCE-819B-67B5E8BE3B88}.Release|Any CPU.Build.0 = Release|Any CPU
	EndGlobalSection
	GlobalSection(SolutionProperties) = preSolution
		HideSolutionNode = FALSE
	EndGlobalSection
	GlobalSection(ExtensibilityGlobals) = postSolution
		SolutionGuid = {5659EB09-4864-4B47-B5EC-2AAC8A06527F}
	EndGlobalSection
EndGlobal
